
Microsoft Visual Studio Solution File, Format Version 12.00
# Visual Studio 15
VisualStudioVersion = 15.0.27428.2043
MinimumVisualStudioVersion = 10.0.40219.1
Project("{8BC9CEB8-8B4A-11D0-8D11-00A0C91BC942}") = "DXFramework", "DXFramework\DXFramework.vcxproj", "{E887C38B-1273-433A-9DAC-A153DA5CF145}"
EndProject
Project("{8BC9CEB8-8B4A-11D0-8D11-00A0C91BC942}") = "DirectXTK_Desktop_2013", "DirectXTK\DirectXTK_Desktop_2013.vcxproj", "{E0B52AE7-E160-4D32-BF3F-910B785E5A8E}"
EndProject
Project("{8BC9CEB8-8B4A-11D0-8D11-00A0C91BC942}") = "E01_ColourShader", "E01_ColourShader\E01_ColourShader.vcxproj", "{7169974C-40D1-4884-8E97-4A9D907BD9E7}"
	ProjectSection(ProjectDependencies) = postProject
		{E887C38B-1273-433A-9DAC-A153DA5CF145} = {E887C38B-1273-433A-9DAC-A153DA5CF145}
	EndProjectSection
EndProject
Project("{8BC9CEB8-8B4A-11D0-8D11-00A0C91BC942}") = "E02_Texture", "E02_Texture\E02_Texture.vcxproj", "{F66EDD36-313B-45DA-B74F-D80243560E5A}"
EndProject
Project("{8BC9CEB8-8B4A-11D0-8D11-00A0C91BC942}") = "CMP301Week3 - LightingAmbient", "CMP301Project1\CMP301Project1.vcxproj", "{A0DC349A-C639-493D-A3B6-82C37F01CB8C}"
EndProject
Project("{8BC9CEB8-8B4A-11D0-8D11-00A0C91BC942}") = "CMP301Week3 - LightingSpecular", "CMP301Project2\CMP301Project2.vcxproj", "{A448256E-4A6D-4E6F-ACDB-B231E04B0C6C}"
EndProject
Project("{8BC9CEB8-8B4A-11D0-8D11-00A0C91BC942}") = "CMP301Week4 - 2PointLights", "CMP301Project3 - Week4\CMP301Project3.vcxproj", "{30F2E88B-4F03-4489-9F0C-FEDE61EDBBF3}"
EndProject
Project("{8BC9CEB8-8B4A-11D0-8D11-00A0C91BC942}") = "CMP301Week4 - PointWithAtten", "CMP301Project3 - Week4 - Copy\CMP301Project4.vcxproj", "{7EB2A3E5-9D28-4350-819C-C434E3E4BAFB}"
EndProject
Project("{8BC9CEB8-8B4A-11D0-8D11-00A0C91BC942}") = "CMP301Week4 - ALL LIGHTs", "CMP301Week4 - Project3\CMP301Week4Project3.vcxproj", "{8A205E85-04AB-4C26-8F6D-E9C9F9C5A0AB}"
EndProject
Project("{8BC9CEB8-8B4A-11D0-8D11-00A0C91BC942}") = "CMP301Week5 - HeightMap", "CMP301Week5\CMP301Week5.vcxproj", "{285F0392-F1AF-425B-8161-2D0E61C093BF}"
EndProject
Project("{8BC9CEB8-8B4A-11D0-8D11-00A0C91BC942}") = "CMP301Week6_again", "CMP301Week6_again\CMP301Week6_again.vcxproj", "{97265AED-F48A-4AEF-B087-696CF94ACA75}"
EndProject
Project("{8BC9CEB8-8B4A-11D0-8D11-00A0C91BC942}") = "CMP301Week8 - BoxBlur", "CMP301Week8 - Blur\CMP301Week8.vcxproj", "{5C26E0F1-738A-4A1D-8327-D977472DAD23}"
EndProject
Project("{8BC9CEB8-8B4A-11D0-8D11-00A0C91BC942}") = "CMP301Week8 - Gaussian", "CMP301Week8 - Gaussian\CMP301Week8(2).vcxproj", "{FD64283D-717A-401F-B412-E026AD933F92}"
EndProject
Project("{8BC9CEB8-8B4A-11D0-8D11-00A0C91BC942}") = "CMP301Week9 - TesselationNew", "CMP301Week9 - TesselationNew\CMP301Week9 - TesselationNew.vcxproj", "{6CE3B405-CC03-46B9-9C96-B0F544CFB298}"
EndProject
Project("{8BC9CEB8-8B4A-11D0-8D11-00A0C91BC942}") = "CMP301Week10 - ShadowsAndDepth", "CMP301Week10 - Shadows\CMP301Week10 - Shadows.vcxproj", "{FAA7640B-89EA-4080-BBE8-4E438E66574F}"
EndProject
Project("{8BC9CEB8-8B4A-11D0-8D11-00A0C91BC942}") = "CMP301Week11 - Geometry", "CMP301Week11 - Geometry\CMP301Week11 - Geometry.vcxproj", "{529FDC52-3DA8-4481-82C4-63938020F942}"
EndProject
Project("{8BC9CEB8-8B4A-11D0-8D11-00A0C91BC942}") = "TEST", "TEST\TEST.vcxproj", "{930BC537-72B6-44E8-A9F8-D9086F091B36}"
EndProject
Project("{8BC9CEB8-8B4A-11D0-8D11-00A0C91BC942}") = "E12_ImGui", "E12_ImGui\E12_ImGui.vcxproj", "{D315E1F2-411F-4888-A405-F2F3FD399B48}"
EndProject
Project("{8BC9CEB8-8B4A-11D0-8D11-00A0C91BC942}") = "CMP301SoftShadows", "CMP301SoftShadows\CMP301SoftShadows.vcxproj", "{4DA0AB60-0D6B-43F4-A1EA-4670EB1EDB74}"
EndProject
Project("{8BC9CEB8-8B4A-11D0-8D11-00A0C91BC942}") = "CMP301Coursework", "CMP301Coursework\CMP301Coursework.vcxproj", "{ACE782E0-5D21-46A6-8FBD-3D2EE1BDF17A}"
EndProject
Global
	GlobalSection(SolutionConfigurationPlatforms) = preSolution
		Debug|Win32 = Debug|Win32
		Debug|x64 = Debug|x64
		Release|Win32 = Release|Win32
		Release|x64 = Release|x64
	EndGlobalSection
	GlobalSection(ProjectConfigurationPlatforms) = postSolution
		{E887C38B-1273-433A-9DAC-A153DA5CF145}.Debug|Win32.ActiveCfg = Debug|Win32
		{E887C38B-1273-433A-9DAC-A153DA5CF145}.Debug|Win32.Build.0 = Debug|Win32
		{E887C38B-1273-433A-9DAC-A153DA5CF145}.Debug|x64.ActiveCfg = Debug|Win32
		{E887C38B-1273-433A-9DAC-A153DA5CF145}.Release|Win32.ActiveCfg = Release|Win32
		{E887C38B-1273-433A-9DAC-A153DA5CF145}.Release|Win32.Build.0 = Release|Win32
		{E887C38B-1273-433A-9DAC-A153DA5CF145}.Release|x64.ActiveCfg = Release|Win32
		{E0B52AE7-E160-4D32-BF3F-910B785E5A8E}.Debug|Win32.ActiveCfg = Debug|Win32
		{E0B52AE7-E160-4D32-BF3F-910B785E5A8E}.Debug|Win32.Build.0 = Debug|Win32
		{E0B52AE7-E160-4D32-BF3F-910B785E5A8E}.Debug|x64.ActiveCfg = Debug|x64
		{E0B52AE7-E160-4D32-BF3F-910B785E5A8E}.Debug|x64.Build.0 = Debug|x64
		{E0B52AE7-E160-4D32-BF3F-910B785E5A8E}.Release|Win32.ActiveCfg = Release|Win32
		{E0B52AE7-E160-4D32-BF3F-910B785E5A8E}.Release|Win32.Build.0 = Release|Win32
		{E0B52AE7-E160-4D32-BF3F-910B785E5A8E}.Release|x64.ActiveCfg = Release|x64
		{E0B52AE7-E160-4D32-BF3F-910B785E5A8E}.Release|x64.Build.0 = Release|x64
		{7169974C-40D1-4884-8E97-4A9D907BD9E7}.Debug|Win32.ActiveCfg = Debug|Win32
		{7169974C-40D1-4884-8E97-4A9D907BD9E7}.Debug|Win32.Build.0 = Debug|Win32
		{7169974C-40D1-4884-8E97-4A9D907BD9E7}.Debug|x64.ActiveCfg = Debug|Win32
		{7169974C-40D1-4884-8E97-4A9D907BD9E7}.Release|Win32.ActiveCfg = Release|Win32
		{7169974C-40D1-4884-8E97-4A9D907BD9E7}.Release|Win32.Build.0 = Release|Win32
		{7169974C-40D1-4884-8E97-4A9D907BD9E7}.Release|x64.ActiveCfg = Release|Win32
		{F66EDD36-313B-45DA-B74F-D80243560E5A}.Debug|Win32.ActiveCfg = Debug|Win32
		{F66EDD36-313B-45DA-B74F-D80243560E5A}.Debug|Win32.Build.0 = Debug|Win32
		{F66EDD36-313B-45DA-B74F-D80243560E5A}.Debug|x64.ActiveCfg = Debug|Win32
		{F66EDD36-313B-45DA-B74F-D80243560E5A}.Release|Win32.ActiveCfg = Release|Win32
		{F66EDD36-313B-45DA-B74F-D80243560E5A}.Release|Win32.Build.0 = Release|Win32
		{F66EDD36-313B-45DA-B74F-D80243560E5A}.Release|x64.ActiveCfg = Release|Win32
		{A0DC349A-C639-493D-A3B6-82C37F01CB8C}.Debug|Win32.ActiveCfg = Debug|Win32
		{A0DC349A-C639-493D-A3B6-82C37F01CB8C}.Debug|Win32.Build.0 = Debug|Win32
		{A0DC349A-C639-493D-A3B6-82C37F01CB8C}.Debug|x64.ActiveCfg = Debug|Win32
		{A0DC349A-C639-493D-A3B6-82C37F01CB8C}.Release|Win32.ActiveCfg = Release|Win32
		{A0DC349A-C639-493D-A3B6-82C37F01CB8C}.Release|Win32.Build.0 = Release|Win32
		{A0DC349A-C639-493D-A3B6-82C37F01CB8C}.Release|x64.ActiveCfg = Release|Win32
		{A448256E-4A6D-4E6F-ACDB-B231E04B0C6C}.Debug|Win32.ActiveCfg = Debug|Win32
		{A448256E-4A6D-4E6F-ACDB-B231E04B0C6C}.Debug|Win32.Build.0 = Debug|Win32
		{A448256E-4A6D-4E6F-ACDB-B231E04B0C6C}.Debug|x64.ActiveCfg = Debug|Win32
		{A448256E-4A6D-4E6F-ACDB-B231E04B0C6C}.Release|Win32.ActiveCfg = Release|Win32
		{A448256E-4A6D-4E6F-ACDB-B231E04B0C6C}.Release|Win32.Build.0 = Release|Win32
		{A448256E-4A6D-4E6F-ACDB-B231E04B0C6C}.Release|x64.ActiveCfg = Release|Win32
		{30F2E88B-4F03-4489-9F0C-FEDE61EDBBF3}.Debug|Win32.ActiveCfg = Debug|Win32
		{30F2E88B-4F03-4489-9F0C-FEDE61EDBBF3}.Debug|Win32.Build.0 = Debug|Win32
		{30F2E88B-4F03-4489-9F0C-FEDE61EDBBF3}.Debug|x64.ActiveCfg = Debug|Win32
		{30F2E88B-4F03-4489-9F0C-FEDE61EDBBF3}.Release|Win32.ActiveCfg = Release|Win32
		{30F2E88B-4F03-4489-9F0C-FEDE61EDBBF3}.Release|Win32.Build.0 = Release|Win32
		{30F2E88B-4F03-4489-9F0C-FEDE61EDBBF3}.Release|x64.ActiveCfg = Release|Win32
		{7EB2A3E5-9D28-4350-819C-C434E3E4BAFB}.Debug|Win32.ActiveCfg = Debug|Win32
		{7EB2A3E5-9D28-4350-819C-C434E3E4BAFB}.Debug|Win32.Build.0 = Debug|Win32
		{7EB2A3E5-9D28-4350-819C-C434E3E4BAFB}.Debug|x64.ActiveCfg = Debug|Win32
		{7EB2A3E5-9D28-4350-819C-C434E3E4BAFB}.Release|Win32.ActiveCfg = Release|Win32
		{7EB2A3E5-9D28-4350-819C-C434E3E4BAFB}.Release|Win32.Build.0 = Release|Win32
		{7EB2A3E5-9D28-4350-819C-C434E3E4BAFB}.Release|x64.ActiveCfg = Release|Win32
		{8A205E85-04AB-4C26-8F6D-E9C9F9C5A0AB}.Debug|Win32.ActiveCfg = Debug|Win32
		{8A205E85-04AB-4C26-8F6D-E9C9F9C5A0AB}.Debug|Win32.Build.0 = Debug|Win32
		{8A205E85-04AB-4C26-8F6D-E9C9F9C5A0AB}.Debug|x64.ActiveCfg = Debug|Win32
		{8A205E85-04AB-4C26-8F6D-E9C9F9C5A0AB}.Release|Win32.ActiveCfg = Release|Win32
		{8A205E85-04AB-4C26-8F6D-E9C9F9C5A0AB}.Release|Win32.Build.0 = Release|Win32
		{8A205E85-04AB-4C26-8F6D-E9C9F9C5A0AB}.Release|x64.ActiveCfg = Release|Win32
		{285F0392-F1AF-425B-8161-2D0E61C093BF}.Debug|Win32.ActiveCfg = Debug|Win32
		{285F0392-F1AF-425B-8161-2D0E61C093BF}.Debug|Win32.Build.0 = Debug|Win32
		{285F0392-F1AF-425B-8161-2D0E61C093BF}.Debug|x64.ActiveCfg = Debug|Win32
		{285F0392-F1AF-425B-8161-2D0E61C093BF}.Release|Win32.ActiveCfg = Release|Win32
		{285F0392-F1AF-425B-8161-2D0E61C093BF}.Release|Win32.Build.0 = Release|Win32
		{285F0392-F1AF-425B-8161-2D0E61C093BF}.Release|x64.ActiveCfg = Release|Win32
		{97265AED-F48A-4AEF-B087-696CF94ACA75}.Debug|Win32.ActiveCfg = Debug|Win32
		{97265AED-F48A-4AEF-B087-696CF94ACA75}.Debug|Win32.Build.0 = Debug|Win32
		{97265AED-F48A-4AEF-B087-696CF94ACA75}.Debug|x64.ActiveCfg = Debug|Win32
		{97265AED-F48A-4AEF-B087-696CF94ACA75}.Release|Win32.ActiveCfg = Release|Win32
		{97265AED-F48A-4AEF-B087-696CF94ACA75}.Release|Win32.Build.0 = Release|Win32
		{97265AED-F48A-4AEF-B087-696CF94ACA75}.Release|x64.ActiveCfg = Release|Win32
		{5C26E0F1-738A-4A1D-8327-D977472DAD23}.Debug|Win32.ActiveCfg = Debug|Win32
		{5C26E0F1-738A-4A1D-8327-D977472DAD23}.Debug|Win32.Build.0 = Debug|Win32
		{5C26E0F1-738A-4A1D-8327-D977472DAD23}.Debug|x64.ActiveCfg = Debug|Win32
		{5C26E0F1-738A-4A1D-8327-D977472DAD23}.Release|Win32.ActiveCfg = Release|Win32
		{5C26E0F1-738A-4A1D-8327-D977472DAD23}.Release|Win32.Build.0 = Release|Win32
		{5C26E0F1-738A-4A1D-8327-D977472DAD23}.Release|x64.ActiveCfg = Release|Win32
		{FD64283D-717A-401F-B412-E026AD933F92}.Debug|Win32.ActiveCfg = Debug|Win32
		{FD64283D-717A-401F-B412-E026AD933F92}.Debug|Win32.Build.0 = Debug|Win32
		{FD64283D-717A-401F-B412-E026AD933F92}.Debug|x64.ActiveCfg = Debug|Win32
		{FD64283D-717A-401F-B412-E026AD933F92}.Release|Win32.ActiveCfg = Release|Win32
		{FD64283D-717A-401F-B412-E026AD933F92}.Release|Win32.Build.0 = Release|Win32
		{FD64283D-717A-401F-B412-E026AD933F92}.Release|x64.ActiveCfg = Release|Win32
		{6CE3B405-CC03-46B9-9C96-B0F544CFB298}.Debug|Win32.ActiveCfg = Debug|Win32
		{6CE3B405-CC03-46B9-9C96-B0F544CFB298}.Debug|Win32.Build.0 = Debug|Win32
		{6CE3B405-CC03-46B9-9C96-B0F544CFB298}.Debug|x64.ActiveCfg = Debug|Win32
		{6CE3B405-CC03-46B9-9C96-B0F544CFB298}.Release|Win32.ActiveCfg = Release|Win32
		{6CE3B405-CC03-46B9-9C96-B0F544CFB298}.Release|Win32.Build.0 = Release|Win32
		{6CE3B405-CC03-46B9-9C96-B0F544CFB298}.Release|x64.ActiveCfg = Release|Win32
		{FAA7640B-89EA-4080-BBE8-4E438E66574F}.Debug|Win32.ActiveCfg = Debug|Win32
		{FAA7640B-89EA-4080-BBE8-4E438E66574F}.Debug|Win32.Build.0 = Debug|Win32
		{FAA7640B-89EA-4080-BBE8-4E438E66574F}.Debug|x64.ActiveCfg = Debug|Win32
		{FAA7640B-89EA-4080-BBE8-4E438E66574F}.Release|Win32.ActiveCfg = Release|Win32
		{FAA7640B-89EA-4080-BBE8-4E438E66574F}.Release|Win32.Build.0 = Release|Win32
		{FAA7640B-89EA-4080-BBE8-4E438E66574F}.Release|x64.ActiveCfg = Release|Win32
		{529FDC52-3DA8-4481-82C4-63938020F942}.Debug|Win32.ActiveCfg = Debug|Win32
		{529FDC52-3DA8-4481-82C4-63938020F942}.Debug|Win32.Build.0 = Debug|Win32
		{529FDC52-3DA8-4481-82C4-63938020F942}.Debug|x64.ActiveCfg = Debug|Win32
		{529FDC52-3DA8-4481-82C4-63938020F942}.Release|Win32.ActiveCfg = Release|Win32
		{529FDC52-3DA8-4481-82C4-63938020F942}.Release|Win32.Build.0 = Release|Win32
		{529FDC52-3DA8-4481-82C4-63938020F942}.Release|x64.ActiveCfg = Release|Win32
		{930BC537-72B6-44E8-A9F8-D9086F091B36}.Debug|Win32.ActiveCfg = Debug|Win32
		{930BC537-72B6-44E8-A9F8-D9086F091B36}.Debug|Win32.Build.0 = Debug|Win32
		{930BC537-72B6-44E8-A9F8-D9086F091B36}.Debug|x64.ActiveCfg = Debug|Win32
		{930BC537-72B6-44E8-A9F8-D9086F091B36}.Release|Win32.ActiveCfg = Release|Win32
		{930BC537-72B6-44E8-A9F8-D9086F091B36}.Release|Win32.Build.0 = Release|Win32
		{930BC537-72B6-44E8-A9F8-D9086F091B36}.Release|x64.ActiveCfg = Release|Win32
		{D315E1F2-411F-4888-A405-F2F3FD399B48}.Debug|Win32.ActiveCfg = Debug|Win32
		{D315E1F2-411F-4888-A405-F2F3FD399B48}.Debug|Win32.Build.0 = Debug|Win32
		{D315E1F2-411F-4888-A405-F2F3FD399B48}.Debug|x64.ActiveCfg = Debug|x64
		{D315E1F2-411F-4888-A405-F2F3FD399B48}.Debug|x64.Build.0 = Debug|x64
		{D315E1F2-411F-4888-A405-F2F3FD399B48}.Release|Win32.ActiveCfg = Release|Win32
		{D315E1F2-411F-4888-A405-F2F3FD399B48}.Release|Win32.Build.0 = Release|Win32
		{D315E1F2-411F-4888-A405-F2F3FD399B48}.Release|x64.ActiveCfg = Release|x64
		{D315E1F2-411F-4888-A405-F2F3FD399B48}.Release|x64.Build.0 = Release|x64
		{4DA0AB60-0D6B-43F4-A1EA-4670EB1EDB74}.Debug|Win32.ActiveCfg = Debug|Win32
		{4DA0AB60-0D6B-43F4-A1EA-4670EB1EDB74}.Debug|Win32.Build.0 = Debug|Win32
		{4DA0AB60-0D6B-43F4-A1EA-4670EB1EDB74}.Debug|x64.ActiveCfg = Debug|Win32
		{4DA0AB60-0D6B-43F4-A1EA-4670EB1EDB74}.Release|Win32.ActiveCfg = Release|Win32
		{4DA0AB60-0D6B-43F4-A1EA-4670EB1EDB74}.Release|Win32.Build.0 = Release|Win32
		{4DA0AB60-0D6B-43F4-A1EA-4670EB1EDB74}.Release|x64.ActiveCfg = Release|Win32
		{ACE782E0-5D21-46A6-8FBD-3D2EE1BDF17A}.Debug|Win32.ActiveCfg = Debug|Win32
		{ACE782E0-5D21-46A6-8FBD-3D2EE1BDF17A}.Debug|Win32.Build.0 = Debug|Win32
		{ACE782E0-5D21-46A6-8FBD-3D2EE1BDF17A}.Debug|x64.ActiveCfg = Debug|Win32
		{ACE782E0-5D21-46A6-8FBD-3D2EE1BDF17A}.Release|Win32.ActiveCfg = Release|Win32
		{ACE782E0-5D21-46A6-8FBD-3D2EE1BDF17A}.Release|Win32.Build.0 = Release|Win32
		{ACE782E0-5D21-46A6-8FBD-3D2EE1BDF17A}.Release|x64.ActiveCfg = Release|Win32
	EndGlobalSection
	GlobalSection(SolutionProperties) = preSolution
		HideSolutionNode = FALSE
	EndGlobalSection
	GlobalSection(ExtensibilityGlobals) = postSolution
		SolutionGuid = {BDBCBD73-62B6-487B-A22C-74119D3AE674}
	EndGlobalSection
EndGlobal
