<?xml version="1.0" encoding="utf-8"?>
<Project ToolsVersion="4.0" xmlns="http://schemas.microsoft.com/developer/msbuild/2003">
  <ItemGroup>
    <Filter Include="Source Files">
      <UniqueIdentifier>{4FC737F1-C7A5-4376-A066-2A32D752A2FF}</UniqueIdentifier>
      <Extensions>cpp;c;cc;cxx;def;odl;idl;hpj;bat;asm;asmx</Extensions>
    </Filter>
    <Filter Include="Header Files">
      <UniqueIdentifier>{93995380-89BD-4b04-88EB-625FBE52EBFB}</UniqueIdentifier>
      <Extensions>h;hh;hpp;hxx;hm;inl;inc;xsd</Extensions>
    </Filter>
    <Filter Include="Resource Files">
      <UniqueIdentifier>{67DA6AB6-F800-4c08-8B7A-83BB121AAD01}</UniqueIdentifier>
      <Extensions>rc;ico;cur;bmp;dlg;rc2;rct;bin;rgs;gif;jpg;jpeg;jpe;resx;tiff;tif;png;wav;mfcribbon-ms</Extensions>
    </Filter>
    <Filter Include="Resource Files\BlurShaders">
      <UniqueIdentifier>{b73a697c-248a-43a6-a2a9-152a32627cf2}</UniqueIdentifier>
    </Filter>
    <Filter Include="Source Files\Blur">
      <UniqueIdentifier>{cc3eef01-7b01-49ac-9881-fdf3f78e3b59}</UniqueIdentifier>
    </Filter>
    <Filter Include="Resource Files\ShadowShaders">
      <UniqueIdentifier>{6ad04f20-484f-4d09-a0ff-bf8c2a5bb1dc}</UniqueIdentifier>
    </Filter>
    <Filter Include="Source Files\Shadow+Depth">
      <UniqueIdentifier>{f40271fc-4e17-4022-9ee5-64addecd204d}</UniqueIdentifier>
    </Filter>
    <Filter Include="Source Files\Billboarding">
      <UniqueIdentifier>{e6646d59-02a8-4c24-900b-98427fa85aed}</UniqueIdentifier>
    </Filter>
    <Filter Include="Source Files\Tessellation">
      <UniqueIdentifier>{f9ad90fa-c623-47cb-bc02-51aee86a18d9}</UniqueIdentifier>
    </Filter>
    <Filter Include="Resource Files\Tessellation">
      <UniqueIdentifier>{25cd160e-9af2-4dc2-8105-548099c95e48}</UniqueIdentifier>
    </Filter>
    <Filter Include="Resource Files\Billboarding">
      <UniqueIdentifier>{0cc4a0ab-fa7c-4368-a7cc-7dc69d21751d}</UniqueIdentifier>
    </Filter>
  </ItemGroup>
  <ItemGroup>
    <ClCompile Include="App1.cpp">
      <Filter>Source Files</Filter>
    </ClCompile>
    <ClCompile Include="Main.cpp">
      <Filter>Source Files</Filter>
    </ClCompile>
    <ClCompile Include="LightShader.cpp">
      <Filter>Source Files</Filter>
    </ClCompile>
    <ClCompile Include="ManipulationShader.cpp">
      <Filter>Source Files</Filter>
    </ClCompile>
    <ClCompile Include="TextureShader1.cpp">
      <Filter>Source Files</Filter>
    </ClCompile>
    <ClCompile Include="HorizontalBlurShader.cpp">
      <Filter>Source Files\Blur</Filter>
    </ClCompile>
    <ClCompile Include="VerticalBlurShader.cpp">
      <Filter>Source Files\Blur</Filter>
    </ClCompile>
    <ClCompile Include="DepthShader.cpp">
      <Filter>Source Files\Shadow+Depth</Filter>
    </ClCompile>
    <ClCompile Include="ShadowShader.cpp">
      <Filter>Source Files\Shadow+Depth</Filter>
    </ClCompile>
    <ClCompile Include="GeometryShader.cpp">
      <Filter>Source Files\Billboarding</Filter>
    </ClCompile>
    <ClCompile Include="MySinglePointMesh.cpp">
      <Filter>Source Files\Billboarding</Filter>
    </ClCompile>
    <ClCompile Include="TessellationQuadShader.cpp">
      <Filter>Source Files\Tessellation</Filter>
    </ClCompile>
    <ClCompile Include="MyPlaneMesh.cpp">
      <Filter>Source Files\Tessellation</Filter>
    </ClCompile>
  </ItemGroup>
  <ItemGroup>
    <ClInclude Include="App1.h">
      <Filter>Header Files</Filter>
    </ClInclude>
    <ClInclude Include="LightShader.h">
      <Filter>Header Files</Filter>
    </ClInclude>
    <ClInclude Include="ManipulationShader.h">
      <Filter>Header Files</Filter>
    </ClInclude>
    <ClInclude Include="TextureShader1.h">
      <Filter>Header Files</Filter>
    </ClInclude>
    <ClInclude Include="HorizontalBlurShader.h">
      <Filter>Header Files</Filter>
    </ClInclude>
    <ClInclude Include="VerticalBlurShader.h">
      <Filter>Header Files</Filter>
    </ClInclude>
    <ClInclude Include="ShadowShader.h">
      <Filter>Header Files</Filter>
    </ClInclude>
    <ClInclude Include="DepthShader.h">
      <Filter>Header Files</Filter>
    </ClInclude>
    <ClInclude Include="GeometryShader.h">
      <Filter>Header Files</Filter>
    </ClInclude>
    <ClInclude Include="MySinglePointMesh.h">
      <Filter>Header Files</Filter>
    </ClInclude>
    <ClInclude Include="MyPlaneMesh.h">
      <Filter>Header Files</Filter>
    </ClInclude>
    <ClInclude Include="TessellationQuadShader.h">
      <Filter>Header Files</Filter>
    </ClInclude>
  </ItemGroup>
  <ItemGroup>
    <FxCompile Include="shaders\light_ps.hlsl">
      <Filter>Resource Files</Filter>
    </FxCompile>
    <FxCompile Include="shaders\light_vs.hlsl">
      <Filter>Resource Files</Filter>
    </FxCompile>
    <FxCompile Include="..\E02_Texture\shaders\texture_ps.hlsl">
      <Filter>Resource Files</Filter>
    </FxCompile>
    <FxCompile Include="..\E02_Texture\shaders\texture_vs.hlsl">
      <Filter>Resource Files</Filter>
    </FxCompile>
    <FxCompile Include="shaders\directionalBlur_ps.hlsl">
      <Filter>Resource Files\BlurShaders</Filter>
    </FxCompile>
    <FxCompile Include="shaders\directionalBlur_vs.hlsl">
      <Filter>Resource Files\BlurShaders</Filter>
    </FxCompile>
    <FxCompile Include="shaders\horizontalBlur_ps.hlsl">
      <Filter>Resource Files\BlurShaders</Filter>
    </FxCompile>
    <FxCompile Include="shaders\horizontalBlur_vs.hlsl">
      <Filter>Resource Files\BlurShaders</Filter>
    </FxCompile>
    <FxCompile Include="shaders\verticalBlur_ps.hlsl">
      <Filter>Resource Files\BlurShaders</Filter>
    </FxCompile>
    <FxCompile Include="shaders\verticalBlur_vs.hlsl">
      <Filter>Resource Files\BlurShaders</Filter>
    </FxCompile>
    <FxCompile Include="shaders\shadow_ps.hlsl">
      <Filter>Resource Files\ShadowShaders</Filter>
    </FxCompile>
    <FxCompile Include="shaders\shadow_vs.hlsl">
      <Filter>Resource Files\ShadowShaders</Filter>
    </FxCompile>
    <FxCompile Include="shaders\depth_ps.hlsl">
      <Filter>Resource Files\ShadowShaders</Filter>
    </FxCompile>
    <FxCompile Include="shaders\depth_vs.hlsl">
      <Filter>Resource Files\ShadowShaders</Filter>
    </FxCompile>
    <FxCompile Include="shaders\tessellation_ps.hlsl">
      <Filter>Resource Files\Tessellation</Filter>
    </FxCompile>
    <FxCompile Include="shaders\tessellation_quad_ds.hlsl">
      <Filter>Resource Files\Tessellation</Filter>
    </FxCompile>
    <FxCompile Include="shaders\tessellation_quad_hs.hlsl">
      <Filter>Resource Files\Tessellation</Filter>
    </FxCompile>
    <FxCompile Include="shaders\tessellation_vs.hlsl">
      <Filter>Resource Files\Tessellation</Filter>
    </FxCompile>
    <FxCompile Include="light_spec_ps.hlsl">
      <Filter>Resource Files</Filter>
    </FxCompile>
    <FxCompile Include="manip_light_vs.hlsl">
      <Filter>Resource Files</Filter>
    </FxCompile>
    <FxCompile Include="shaders\triangle_vs.hlsl">
      <Filter>Resource Files\Billboarding</Filter>
    </FxCompile>
    <FxCompile Include="shaders\quad_gs.hlsl">
      <Filter>Resource Files\Billboarding</Filter>
    </FxCompile>
  </ItemGroup>
</Project>